{
  "name": "webgl-plot-examples",
  "version": "0.0.1",
  "lockfileVersion": 1,
  "requires": true,
  "dependencies": {
    "nouislider": {
      "version": "14.0.3",
      "resolved": "https://registry.npmjs.org/nouislider/-/nouislider-14.0.3.tgz",
      "integrity": "sha512-jJYqX5UqBjkHWf0Bz+OsYcdeKW1CgvntDGBSLL/+lQ/u/DD6rx1XIrO+2TSYlLEw2quLpsRMZ4JrBl0r/LPQyg=="
    },
    "stats.js": {
      "version": "0.17.0",
      "resolved": "https://registry.npmjs.org/stats.js/-/stats.js-0.17.0.tgz",
      "integrity": "sha1-scPcRtlEmLV4t/05hbgaznExzH0="
    },
    "webgl-plot": {
      "version": "0.1.6",
      "resolved": "https://registry.npmjs.org/webgl-plot/-/webgl-plot-0.1.6.tgz",
      "integrity": "sha512-qfD2gsboug+PBYC1sWL5MM6O1BcntJad8qGazXeQ+y4WigRJn/bKZ3rYIN0C4/tunZcvnzTHLA5d6HcEfgPrjQ=="
    }
  }
}
