{
  "name": "webgl-plot-examples",
  "version": "0.0.1",
  "lockfileVersion": 1,
  "requires": true,
  "dependencies": {
    "nouislider": {
      "version": "14.0.3",
      "resolved": "https://registry.npmjs.org/nouislider/-/nouislider-14.0.3.tgz",
      "integrity": "sha512-jJYqX5UqBjkHWf0Bz+OsYcdeKW1CgvntDGBSLL/+lQ/u/DD6rx1XIrO+2TSYlLEw2quLpsRMZ4JrBl0r/LPQyg=="
    },
    "stats.js": {
      "version": "0.17.0",
      "resolved": "https://registry.npmjs.org/stats.js/-/stats.js-0.17.0.tgz",
      "integrity": "sha1-scPcRtlEmLV4t/05hbgaznExzH0="
    },
    "webgl-plot": {
      "version": "0.1.5",
      "resolved": "https://registry.npmjs.org/webgl-plot/-/webgl-plot-0.1.5.tgz",
      "integrity": "sha512-j0WA0563KJNcxcVtQSlDqpLDbxkUDO3110cJ6Mp75SSKdQI5YWU3PT+xDDrYAHqO62IKspm72hue97pk5jLB6w=="
    }
  }
}
